
Microsoft Visual Studio Solution File, Format Version 12.00
# Visual Studio Version 16
VisualStudioVersion = 16.0.28721.148
MinimumVisualStudioVersion = 10.0.40219.1
Project("{FAE04EC0-301F-11D3-BF4B-00C04F79EFBC}") = "MaratonaAspNetCore", "MaratonaAspNetCore\MaratonaAspNetCore.csproj", "{C52A1062-D57D-450E-AECD-161A22FD8126}"
EndProject
Global
	GlobalSection(SolutionConfigurationPlatforms) = preSolution
		Debug|Any CPU = Debug|Any CPU
		Release|Any CPU = Release|Any CPU
	EndGlobalSection
	GlobalSection(ProjectConfigurationPlatforms) = postSolution
		{C52A1062-D57D-450E-AECD-161A22FD8126}.Debug|Any CPU.ActiveCfg = Debug|Any CPU
		{C52A1062-D57D-450E-AECD-161A22FD8126}.Debug|Any CPU.Build.0 = Debug|Any CPU
		{C52A1062-D57D-450E-AECD-161A22FD8126}.Release|Any CPU.ActiveCfg = Release|Any CPU
		{C52A1062-D57D-450E-AECD-161A22FD8126}.Release|Any CPU.Build.0 = Release|Any CPU
	EndGlobalSection
	GlobalSection(SolutionProperties) = preSolution
		HideSolutionNode = FALSE
	EndGlobalSection
	GlobalSection(ExtensibilityGlobals) = postSolution
		SolutionGuid = {C4F2EF2B-A376-4B98-8171-540A78E371E6}
	EndGlobalSection
EndGlobal
